Microsoft Visual Studio Solution File, Format Version 12.00
# Visual Studio Version 17
VisualStudioVersion = 17.5.2.0
MinimumVisualStudioVersion = 10.0.40219.1
Project("{FAE04EC0-301F-11D3-BF4B-00C04F79EFBC}") = "PetsCareScheduler.Service", "PetsCareScheduler.Service.csproj", "{2D73F836-3FA4-2824-BB56-5ED41ED6081F}"
EndProject
Global
	GlobalSection(SolutionConfigurationPlatforms) = preSolution
		Debug|Any CPU = Debug|Any CPU
		Release|Any CPU = Release|Any CPU
	EndGlobalSection
	GlobalSection(ProjectConfigurationPlatforms) = postSolution
		{2D73F836-3FA4-2824-BB56-5ED41ED6081F}.Debug|Any CPU.ActiveCfg = Debug|Any CPU
		{2D73F836-3FA4-2824-BB56-5ED41ED6081F}.Debug|Any CPU.Build.0 = Debug|Any CPU
		{2D73F836-3FA4-2824-BB56-5ED41ED6081F}.Release|Any CPU.ActiveCfg = Release|Any CPU
		{2D73F836-3FA4-2824-BB56-5ED41ED6081F}.Release|Any CPU.Build.0 = Release|Any CPU
	EndGlobalSection
	GlobalSection(SolutionProperties) = preSolution
		HideSolutionNode = FALSE
	EndGlobalSection
	GlobalSection(ExtensibilityGlobals) = postSolution
		SolutionGuid = {D2349AD8-95D7-4BE7-BF2B-99D1A6526020}
	EndGlobalSection
EndGlobal
